
Microsoft Visual Studio Solution File, Format Version 12.00
# Visual Studio Version 17
VisualStudioVersion = 17.2.32616.157
MinimumVisualStudioVersion = 10.0.40219.1
Project("{9A19103F-16F7-4668-BE54-9A1E7A4F7556}") = "Factory_Pattern_Exercise", "Factory_Pattern_Exercise1\Factory_Pattern_Exercise.csproj", "{5EB6097C-B733-46B9-B032-7A1C9EC85A6C}"
EndProject
Global
	GlobalSection(SolutionConfigurationPlatforms) = preSolution
		Debug|Any CPU = Debug|Any CPU
		Release|Any CPU = Release|Any CPU
	EndGlobalSection
	GlobalSection(ProjectConfigurationPlatforms) = postSolution
		{5EB6097C-B733-46B9-B032-7A1C9EC85A6C}.Debug|Any CPU.ActiveCfg = Debug|Any CPU
		{5EB6097C-B733-46B9-B032-7A1C9EC85A6C}.Debug|Any CPU.Build.0 = Debug|Any CPU
		{5EB6097C-B733-46B9-B032-7A1C9EC85A6C}.Release|Any CPU.ActiveCfg = Release|Any CPU
		{5EB6097C-B733-46B9-B032-7A1C9EC85A6C}.Release|Any CPU.Build.0 = Release|Any CPU
	EndGlobalSection
	GlobalSection(SolutionProperties) = preSolution
		HideSolutionNode = FALSE
	EndGlobalSection
	GlobalSection(ExtensibilityGlobals) = postSolution
		SolutionGuid = {DF78AD7F-450F-4E96-80E9-75969896DF2D}
	EndGlobalSection
EndGlobal
